
Microsoft Visual Studio Solution File, Format Version 12.00
# Visual Studio Version 17
VisualStudioVersion = 17.14.36408.4 d17.14
MinimumVisualStudioVersion = 10.0.40219.1
Project("{FAE04EC0-301F-11D3-BF4B-00C04F79EFBC}") = "SRP", "SRP.csproj", "{1AA5E1E5-B95D-48FB-BEF7-85292C7562B4}"
EndProject
Global
	GlobalSection(SolutionConfigurationPlatforms) = preSolution
		Debug|Any CPU = Debug|Any CPU
		Release|Any CPU = Release|Any CPU
	EndGlobalSection
	GlobalSection(ProjectConfigurationPlatforms) = postSolution
		{1AA5E1E5-B95D-48FB-BEF7-85292C7562B4}.Debug|Any CPU.ActiveCfg = Debug|Any CPU
		{1AA5E1E5-B95D-48FB-BEF7-85292C7562B4}.Debug|Any CPU.Build.0 = Debug|Any CPU
		{1AA5E1E5-B95D-48FB-BEF7-85292C7562B4}.Release|Any CPU.ActiveCfg = Release|Any CPU
		{1AA5E1E5-B95D-48FB-BEF7-85292C7562B4}.Release|Any CPU.Build.0 = Release|Any CPU
	EndGlobalSection
	GlobalSection(SolutionProperties) = preSolution
		HideSolutionNode = FALSE
	EndGlobalSection
	GlobalSection(ExtensibilityGlobals) = postSolution
		SolutionGuid = {76EFB9AF-0EFD-4973-8D58-2631A1259214}
	EndGlobalSection
EndGlobal
